// !$*UTF8*$!
{
	archiveVersion = 1;
	classes = {
	};
	objectVersion = 50;
	objects = {

/* Begin PBXBuildFile section */
		C907579B20CDAB14001B2145 /* Cocoa.framework in Frameworks */ = {isa = PBXBuildFile; fileRef = C907579A20CDAB14001B2145 /* Cocoa.framework */; };
		C907579E20CDAB14001B2145 /* SourceEditorExtension.swift in Sources */ = {isa = PBXBuildFile; fileRef = C907579D20CDAB14001B2145 /* SourceEditorExtension.swift */; };
		C90757A020CDAB14001B2145 /* SourceEditorCommand.swift in Sources */ = {isa = PBXBuildFile; fileRef = C907579F20CDAB14001B2145 /* SourceEditorCommand.swift */; };
		C90DD3E220EBC55500167E18 /* Vector.swift in Sources */ = {isa = PBXBuildFile; fileRef = C90DD3E120EBC55500167E18 /* Vector.swift */; };
		C90DD3E420EBD0A400167E18 /* MatrixProtocol.swift in Sources */ = {isa = PBXBuildFile; fileRef = C90DD3E320EBD0A400167E18 /* MatrixProtocol.swift */; };
		C9106E2620D8560A0053AB1C /* DataConElement.swift in Sources */ = {isa = PBXBuildFile; fileRef = C9106E2520D8560A0053AB1C /* DataConElement.swift */; };
		C9106E2820D856190053AB1C /* DataConDouble.swift in Sources */ = {isa = PBXBuildFile; fileRef = C9106E2720D856190053AB1C /* DataConDouble.swift */; };
		C9106E2D20D857450053AB1C /* DataConDoubleTest.swift in Sources */ = {isa = PBXBuildFile; fileRef = C9106E2C20D857450053AB1C /* DataConDoubleTest.swift */; };
		C91F052C20CC5BD60006DCE8 /* string_extension.swift in Sources */ = {isa = PBXBuildFile; fileRef = C91F052B20CC5BD60006DCE8 /* string_extension.swift */; };
		C91F052E20CC5C3A0006DCE8 /* extTests.swift in Sources */ = {isa = PBXBuildFile; fileRef = C91F052D20CC5C3A0006DCE8 /* extTests.swift */; };
		C92A389720ED2B7F000B2693 /* BLASMatrixProtocol.swift in Sources */ = {isa = PBXBuildFile; fileRef = C92A389620ED2B7F000B2693 /* BLASMatrixProtocol.swift */; };
		C92A389920F15B6D000B2693 /* VectorSpec.swift in Sources */ = {isa = PBXBuildFile; fileRef = C92A389820F15B6D000B2693 /* VectorSpec.swift */; };
		C9348BFF20CB0BDC00D4CE21 /* finch.framework in Frameworks */ = {isa = PBXBuildFile; fileRef = C9348BF520CB0BDC00D4CE21 /* finch.framework */; };
		C9348C0420CB0BDC00D4CE21 /* finchTests.swift in Sources */ = {isa = PBXBuildFile; fileRef = C9348C0320CB0BDC00D4CE21 /* finchTests.swift */; };
		C9348C0620CB0BDC00D4CE21 /* finch.h in Headers */ = {isa = PBXBuildFile; fileRef = C9348BF820CB0BDC00D4CE21 /* finch.h */; settings = {ATTRIBUTES = (Public, ); }; };
		C9348C1020CB0C3C00D4CE21 /* DataCon.swift in Sources */ = {isa = PBXBuildFile; fileRef = C9348C0F20CB0C3C00D4CE21 /* DataCon.swift */; };
		C964BD5C20F4122F00D7372B /* SimpleProtocols.swift in Sources */ = {isa = PBXBuildFile; fileRef = C964BD5B20F4122F00D7372B /* SimpleProtocols.swift */; };
		C964BD5E20F412DE00D7372B /* UtilsSpecs.swift in Sources */ = {isa = PBXBuildFile; fileRef = C964BD5D20F412DE00D7372B /* UtilsSpecs.swift */; };
		C979D2AE20DF1BBB00EB7C3F /* MemViewProtocols.swift in Sources */ = {isa = PBXBuildFile; fileRef = C979D2AD20DF1BBB00EB7C3F /* MemViewProtocols.swift */; };
		C979D2B420DF218E00EB7C3F /* Matrix.swift in Sources */ = {isa = PBXBuildFile; fileRef = C979D2B320DF218E00EB7C3F /* Matrix.swift */; };
		C979D2B620DF367F00EB7C3F /* MemViewTests.swift in Sources */ = {isa = PBXBuildFile; fileRef = C979D2B520DF367F00EB7C3F /* MemViewTests.swift */; };
		C979D2B820E2882E00EB7C3F /* MatrixSpec.swift in Sources */ = {isa = PBXBuildFile; fileRef = C979D2B720E2882E00EB7C3F /* MatrixSpec.swift */; };
		C985B79920CEDE24003B923C /* Exceptions.swift in Sources */ = {isa = PBXBuildFile; fileRef = C985B79820CEDE24003B923C /* Exceptions.swift */; };
		C985B79B20CEF235003B923C /* Ring.swift in Sources */ = {isa = PBXBuildFile; fileRef = C985B79A20CEF235003B923C /* Ring.swift */; };
		C985B79D20CEF29A003B923C /* Group.swift in Sources */ = {isa = PBXBuildFile; fileRef = C985B79C20CEF29A003B923C /* Group.swift */; };
		C985B79F20CEF363003B923C /* AxiomProtocols.swift in Sources */ = {isa = PBXBuildFile; fileRef = C985B79E20CEF363003B923C /* AxiomProtocols.swift */; };
		C99361CB20CE066900A36D2A /* chickenTests.swift in Sources */ = {isa = PBXBuildFile; fileRef = C99361CA20CE066900A36D2A /* chickenTests.swift */; };
		C9978FDC20DC7EBA00B88A0B /* DCCDSugarSpec.swift in Sources */ = {isa = PBXBuildFile; fileRef = C9978FDB20DC7EBA00B88A0B /* DCCDSugarSpec.swift */; };
		C9D72E4B20D9A16000A4739A /* DatasConUInt.swift in Sources */ = {isa = PBXBuildFile; fileRef = C9D72E4A20D9A16000A4739A /* DatasConUInt.swift */; };
		C9D72E4D20D9C29300A4739A /* DataConTests.swift in Sources */ = {isa = PBXBuildFile; fileRef = C9D72E4C20D9C29300A4739A /* DataConTests.swift */; };
		C9D72E8720DB123700A4739A /* Nimble.framework in Frameworks */ = {isa = PBXBuildFile; fileRef = C9D72E8620DB123700A4739A /* Nimble.framework */; };
		C9D72E8920DB124400A4739A /* Quick.framework in Frameworks */ = {isa = PBXBuildFile; fileRef = C9D72E8820DB124400A4739A /* Quick.framework */; };
		C9D72E8A20DB125D00A4739A /* Nimble.framework in CopyFiles */ = {isa = PBXBuildFile; fileRef = C9D72E4F20DB054F00A4739A /* Nimble.framework */; settings = {ATTRIBUTES = (CodeSignOnCopy, RemoveHeadersOnCopy, ); }; };
		C9D72E8B20DB125D00A4739A /* Quick.framework in CopyFiles */ = {isa = PBXBuildFile; fileRef = C9D72E4E20DB054F00A4739A /* Quick.framework */; settings = {ATTRIBUTES = (CodeSignOnCopy, RemoveHeadersOnCopy, ); }; };
		C9D72E8F20DB155B00A4739A /* DCCDSpec.swift in Sources */ = {isa = PBXBuildFile; fileRef = C9D72E8E20DB155B00A4739A /* DCCDSpec.swift */; };
/* End PBXBuildFile section */

/* Begin PBXContainerItemProxy section */
		C9348C0020CB0BDC00D4CE21 /* PBXContainerItemProxy */ = {
			isa = PBXContainerItemProxy;
			containerPortal = C9348BEC20CB0BDB00D4CE21 /* Project object */;
			proxyType = 1;
			remoteGlobalIDString = C9348BF420CB0BDC00D4CE21;
			remoteInfo = finch;
		};
/* End PBXContainerItemProxy section */

/* Begin PBXCopyFilesBuildPhase section */
		C9D72E5A20DB0EC300A4739A /* CopyFiles */ = {
			isa = PBXCopyFilesBuildPhase;
			buildActionMask = 2147483647;
			dstPath = "";
			dstSubfolderSpec = 10;
			files = (
				C9D72E8A20DB125D00A4739A /* Nimble.framework in CopyFiles */,
				C9D72E8B20DB125D00A4739A /* Quick.framework in CopyFiles */,
			);
			runOnlyForDeploymentPostprocessing = 0;
		};
/* End PBXCopyFilesBuildPhase section */

/* Begin PBXFileReference section */
		C907579320CD7677001B2145 /* scratch.playground */ = {isa = PBXFileReference; lastKnownFileType = file.playground; path = scratch.playground; sourceTree = "<group>"; xcLanguageSpecificationIdentifier = xcode.lang.swift; };
		C907579820CDAB14001B2145 /* openit.appex */ = {isa = PBXFileReference; explicitFileType = "wrapper.app-extension"; includeInIndex = 0; path = openit.appex; sourceTree = BUILT_PRODUCTS_DIR; };
		C907579A20CDAB14001B2145 /* Cocoa.framework */ = {isa = PBXFileReference; lastKnownFileType = wrapper.framework; name = Cocoa.framework; path = System/Library/Frameworks/Cocoa.framework; sourceTree = SDKROOT; };
		C907579D20CDAB14001B2145 /* SourceEditorExtension.swift */ = {isa = PBXFileReference; lastKnownFileType = sourcecode.swift; path = SourceEditorExtension.swift; sourceTree = "<group>"; };
		C907579F20CDAB14001B2145 /* SourceEditorCommand.swift */ = {isa = PBXFileReference; lastKnownFileType = sourcecode.swift; path = SourceEditorCommand.swift; sourceTree = "<group>"; };
		C90757A120CDAB14001B2145 /* Info.plist */ = {isa = PBXFileReference; lastKnownFileType = text.plist.xml; path = Info.plist; sourceTree = "<group>"; };
		C90757A220CDAB14001B2145 /* openit.entitlements */ = {isa = PBXFileReference; lastKnownFileType = text.plist.entitlements; path = openit.entitlements; sourceTree = "<group>"; };
		C90DD3E120EBC55500167E18 /* Vector.swift */ = {isa = PBXFileReference; lastKnownFileType = sourcecode.swift; path = Vector.swift; sourceTree = "<group>"; };
		C90DD3E320EBD0A400167E18 /* MatrixProtocol.swift */ = {isa = PBXFileReference; lastKnownFileType = sourcecode.swift; path = MatrixProtocol.swift; sourceTree = "<group>"; };
		C9106E2520D8560A0053AB1C /* DataConElement.swift */ = {isa = PBXFileReference; lastKnownFileType = sourcecode.swift; path = DataConElement.swift; sourceTree = "<group>"; };
		C9106E2720D856190053AB1C /* DataConDouble.swift */ = {isa = PBXFileReference; lastKnownFileType = sourcecode.swift; path = DataConDouble.swift; sourceTree = "<group>"; };
		C9106E2C20D857450053AB1C /* DataConDoubleTest.swift */ = {isa = PBXFileReference; lastKnownFileType = sourcecode.swift; path = DataConDoubleTest.swift; sourceTree = "<group>"; };
		C91F052B20CC5BD60006DCE8 /* string_extension.swift */ = {isa = PBXFileReference; lastKnownFileType = sourcecode.swift; path = string_extension.swift; sourceTree = "<group>"; };
		C91F052D20CC5C3A0006DCE8 /* extTests.swift */ = {isa = PBXFileReference; lastKnownFileType = sourcecode.swift; path = extTests.swift; sourceTree = "<group>"; };
		C92A389620ED2B7F000B2693 /* BLASMatrixProtocol.swift */ = {isa = PBXFileReference; lastKnownFileType = sourcecode.swift; path = BLASMatrixProtocol.swift; sourceTree = "<group>"; };
		C92A389820F15B6D000B2693 /* VectorSpec.swift */ = {isa = PBXFileReference; lastKnownFileType = sourcecode.swift; path = VectorSpec.swift; sourceTree = "<group>"; };
		C9348BF520CB0BDC00D4CE21 /* finch.framework */ = {isa = PBXFileReference; explicitFileType = wrapper.framework; includeInIndex = 0; path = finch.framework; sourceTree = BUILT_PRODUCTS_DIR; };
		C9348BF820CB0BDC00D4CE21 /* finch.h */ = {isa = PBXFileReference; lastKnownFileType = sourcecode.c.h; path = finch.h; sourceTree = "<group>"; };
		C9348BF920CB0BDC00D4CE21 /* Info.plist */ = {isa = PBXFileReference; lastKnownFileType = text.plist.xml; path = Info.plist; sourceTree = "<group>"; };
		C9348BFE20CB0BDC00D4CE21 /* finchTests.xctest */ = {isa = PBXFileReference; explicitFileType = wrapper.cfbundle; includeInIndex = 0; path = finchTests.xctest; sourceTree = BUILT_PRODUCTS_DIR; };
		C9348C0320CB0BDC00D4CE21 /* finchTests.swift */ = {isa = PBXFileReference; lastKnownFileType = sourcecode.swift; path = finchTests.swift; sourceTree = "<group>"; };
		C9348C0520CB0BDC00D4CE21 /* Info.plist */ = {isa = PBXFileReference; lastKnownFileType = text.plist.xml; path = Info.plist; sourceTree = "<group>"; };
		C9348C0F20CB0C3C00D4CE21 /* DataCon.swift */ = {isa = PBXFileReference; lastKnownFileType = sourcecode.swift; path = DataCon.swift; sourceTree = "<group>"; };
		C964BD5B20F4122F00D7372B /* SimpleProtocols.swift */ = {isa = PBXFileReference; lastKnownFileType = sourcecode.swift; path = SimpleProtocols.swift; sourceTree = "<group>"; };
		C964BD5D20F412DE00D7372B /* UtilsSpecs.swift */ = {isa = PBXFileReference; lastKnownFileType = sourcecode.swift; path = UtilsSpecs.swift; sourceTree = "<group>"; };
		C979D2AD20DF1BBB00EB7C3F /* MemViewProtocols.swift */ = {isa = PBXFileReference; lastKnownFileType = sourcecode.swift; path = MemViewProtocols.swift; sourceTree = "<group>"; };
		C979D2B320DF218E00EB7C3F /* Matrix.swift */ = {isa = PBXFileReference; lastKnownFileType = sourcecode.swift; path = Matrix.swift; sourceTree = "<group>"; };
		C979D2B520DF367F00EB7C3F /* MemViewTests.swift */ = {isa = PBXFileReference; lastKnownFileType = sourcecode.swift; path = MemViewTests.swift; sourceTree = "<group>"; };
		C979D2B720E2882E00EB7C3F /* MatrixSpec.swift */ = {isa = PBXFileReference; lastKnownFileType = sourcecode.swift; path = MatrixSpec.swift; sourceTree = "<group>"; };
		C985B79820CEDE24003B923C /* Exceptions.swift */ = {isa = PBXFileReference; lastKnownFileType = sourcecode.swift; path = Exceptions.swift; sourceTree = "<group>"; };
		C985B79A20CEF235003B923C /* Ring.swift */ = {isa = PBXFileReference; lastKnownFileType = sourcecode.swift; path = Ring.swift; sourceTree = "<group>"; };
		C985B79C20CEF29A003B923C /* Group.swift */ = {isa = PBXFileReference; lastKnownFileType = sourcecode.swift; path = Group.swift; sourceTree = "<group>"; };
		C985B79E20CEF363003B923C /* AxiomProtocols.swift */ = {isa = PBXFileReference; lastKnownFileType = sourcecode.swift; path = AxiomProtocols.swift; sourceTree = "<group>"; };
		C99361CA20CE066900A36D2A /* chickenTests.swift */ = {isa = PBXFileReference; lastKnownFileType = sourcecode.swift; path = chickenTests.swift; sourceTree = "<group>"; };
		C9978FDB20DC7EBA00B88A0B /* DCCDSugarSpec.swift */ = {isa = PBXFileReference; lastKnownFileType = sourcecode.swift; path = DCCDSugarSpec.swift; sourceTree = "<group>"; };
		C9D72E4A20D9A16000A4739A /* DatasConUInt.swift */ = {isa = PBXFileReference; lastKnownFileType = sourcecode.swift; path = DatasConUInt.swift; sourceTree = "<group>"; };
		C9D72E4C20D9C29300A4739A /* DataConTests.swift */ = {isa = PBXFileReference; lastKnownFileType = sourcecode.swift; path = DataConTests.swift; sourceTree = "<group>"; };
		C9D72E4E20DB054F00A4739A /* Quick.framework */ = {isa = PBXFileReference; lastKnownFileType = wrapper.framework; name = Quick.framework; path = ../Carthage/Build/Mac/Quick.framework; sourceTree = "<group>"; };
		C9D72E4F20DB054F00A4739A /* Nimble.framework */ = {isa = PBXFileReference; lastKnownFileType = wrapper.framework; name = Nimble.framework; path = ../Carthage/Build/Mac/Nimble.framework; sourceTree = "<group>"; };
		C9D72E5220DB096C00A4739A /* Nimble.framework.dSYM */ = {isa = PBXFileReference; lastKnownFileType = wrapper.dsym; name = Nimble.framework.dSYM; path = ../Carthage/Build/Mac/Nimble.framework.dSYM; sourceTree = "<group>"; };
		C9D72E5420DB097800A4739A /* Quick.framework.dSYM */ = {isa = PBXFileReference; lastKnownFileType = wrapper.dsym; name = Quick.framework.dSYM; path = ../Carthage/Build/Mac/Quick.framework.dSYM; sourceTree = "<group>"; };
		C9D72E8620DB123700A4739A /* Nimble.framework */ = {isa = PBXFileReference; explicitFileType = wrapper.framework; path = Nimble.framework; sourceTree = BUILT_PRODUCTS_DIR; };
		C9D72E8820DB124400A4739A /* Quick.framework */ = {isa = PBXFileReference; explicitFileType = wrapper.framework; path = Quick.framework; sourceTree = BUILT_PRODUCTS_DIR; };
		C9D72E8E20DB155B00A4739A /* DCCDSpec.swift */ = {isa = PBXFileReference; lastKnownFileType = sourcecode.swift; path = DCCDSpec.swift; sourceTree = "<group>"; };
/* End PBXFileReference section */

/* Begin PBXFrameworksBuildPhase section */
		C907579520CDAB14001B2145 /* Frameworks */ = {
			isa = PBXFrameworksBuildPhase;
			buildActionMask = 2147483647;
			files = (
				C907579B20CDAB14001B2145 /* Cocoa.framework in Frameworks */,
			);
			runOnlyForDeploymentPostprocessing = 0;
		};
		C9348BF120CB0BDC00D4CE21 /* Frameworks */ = {
			isa = PBXFrameworksBuildPhase;
			buildActionMask = 2147483647;
			files = (
			);
			runOnlyForDeploymentPostprocessing = 0;
		};
		C9348BFB20CB0BDC00D4CE21 /* Frameworks */ = {
			isa = PBXFrameworksBuildPhase;
			buildActionMask = 2147483647;
			files = (
				C9348BFF20CB0BDC00D4CE21 /* finch.framework in Frameworks */,
				C9D72E8720DB123700A4739A /* Nimble.framework in Frameworks */,
				C9D72E8920DB124400A4739A /* Quick.framework in Frameworks */,
			);
			runOnlyForDeploymentPostprocessing = 0;
		};
/* End PBXFrameworksBuildPhase section */

/* Begin PBXGroup section */
		C907579920CDAB14001B2145 /* Frameworks */ = {
			isa = PBXGroup;
			children = (
				C9D72E5420DB097800A4739A /* Quick.framework.dSYM */,
				C9D72E8620DB123700A4739A /* Nimble.framework */,
				C9D72E8820DB124400A4739A /* Quick.framework */,
				C9D72E5220DB096C00A4739A /* Nimble.framework.dSYM */,
				C9D72E4F20DB054F00A4739A /* Nimble.framework */,
				C9D72E4E20DB054F00A4739A /* Quick.framework */,
				C907579A20CDAB14001B2145 /* Cocoa.framework */,
			);
			name = Frameworks;
			sourceTree = "<group>";
		};
		C907579C20CDAB14001B2145 /* openit */ = {
			isa = PBXGroup;
			children = (
				C907579D20CDAB14001B2145 /* SourceEditorExtension.swift */,
				C907579F20CDAB14001B2145 /* SourceEditorCommand.swift */,
				C90757A120CDAB14001B2145 /* Info.plist */,
				C90757A220CDAB14001B2145 /* openit.entitlements */,
			);
			path = openit;
			sourceTree = "<group>";
		};
		C9106E2920D8566E0053AB1C /* DataCon */ = {
			isa = PBXGroup;
			children = (
				C9348C0F20CB0C3C00D4CE21 /* DataCon.swift */,
				C9106E2720D856190053AB1C /* DataConDouble.swift */,
				C9106E2520D8560A0053AB1C /* DataConElement.swift */,
				C9D72E4A20D9A16000A4739A /* DatasConUInt.swift */,
			);
			path = DataCon;
			sourceTree = "<group>";
		};
		C9106E2A20D856810053AB1C /* Axiomatic */ = {
			isa = PBXGroup;
			children = (
				C985B79A20CEF235003B923C /* Ring.swift */,
				C985B79C20CEF29A003B923C /* Group.swift */,
				C985B79E20CEF363003B923C /* AxiomProtocols.swift */,
			);
			path = Axiomatic;
			sourceTree = "<group>";
		};
		C9106E2B20D856920053AB1C /* Utils */ = {
			isa = PBXGroup;
			children = (
				C91F052B20CC5BD60006DCE8 /* string_extension.swift */,
				C985B79820CEDE24003B923C /* Exceptions.swift */,
				C964BD5B20F4122F00D7372B /* SimpleProtocols.swift */,
			);
			path = Utils;
			sourceTree = "<group>";
		};
		C92A389520ED2B20000B2693 /* MatrixLike */ = {
			isa = PBXGroup;
			children = (
				C979D2AD20DF1BBB00EB7C3F /* MemViewProtocols.swift */,
				C979D2B320DF218E00EB7C3F /* Matrix.swift */,
				C90DD3E120EBC55500167E18 /* Vector.swift */,
				C90DD3E320EBD0A400167E18 /* MatrixProtocol.swift */,
				C92A389620ED2B7F000B2693 /* BLASMatrixProtocol.swift */,
			);
			name = MatrixLike;
			path = "New Group";
			sourceTree = "<group>";
		};
		C9348BEB20CB0BDB00D4CE21 = {
			isa = PBXGroup;
			children = (
				C907579320CD7677001B2145 /* scratch.playground */,
				C9348BF720CB0BDC00D4CE21 /* finch */,
				C9348C0220CB0BDC00D4CE21 /* finchTests */,
				C907579C20CDAB14001B2145 /* openit */,
				C907579920CDAB14001B2145 /* Frameworks */,
				C9348BF620CB0BDC00D4CE21 /* Products */,
			);
			sourceTree = "<group>";
		};
		C9348BF620CB0BDC00D4CE21 /* Products */ = {
			isa = PBXGroup;
			children = (
				C9348BF520CB0BDC00D4CE21 /* finch.framework */,
				C9348BFE20CB0BDC00D4CE21 /* finchTests.xctest */,
				C907579820CDAB14001B2145 /* openit.appex */,
			);
			name = Products;
			sourceTree = "<group>";
		};
		C9348BF720CB0BDC00D4CE21 /* finch */ = {
			isa = PBXGroup;
			children = (
				C9348BF820CB0BDC00D4CE21 /* finch.h */,
				C9348BF920CB0BDC00D4CE21 /* Info.plist */,
				C9106E2920D8566E0053AB1C /* DataCon */,
				C9106E2B20D856920053AB1C /* Utils */,
				C9106E2A20D856810053AB1C /* Axiomatic */,
				C92A389520ED2B20000B2693 /* MatrixLike */,
			);
			path = finch;
			sourceTree = "<group>";
		};
		C9348C0220CB0BDC00D4CE21 /* finchTests */ = {
			isa = PBXGroup;
			children = (
				C9348C0320CB0BDC00D4CE21 /* finchTests.swift */,
				C9D72E4C20D9C29300A4739A /* DataConTests.swift */,
				C9348C0520CB0BDC00D4CE21 /* Info.plist */,
				C91F052D20CC5C3A0006DCE8 /* extTests.swift */,
				C99361CA20CE066900A36D2A /* chickenTests.swift */,
				C9106E2C20D857450053AB1C /* DataConDoubleTest.swift */,
				C9D72E8E20DB155B00A4739A /* DCCDSpec.swift */,
				C9978FDB20DC7EBA00B88A0B /* DCCDSugarSpec.swift */,
				C979D2B520DF367F00EB7C3F /* MemViewTests.swift */,
				C979D2B720E2882E00EB7C3F /* MatrixSpec.swift */,
				C92A389820F15B6D000B2693 /* VectorSpec.swift */,
				C964BD5D20F412DE00D7372B /* UtilsSpecs.swift */,
			);
			path = finchTests;
			sourceTree = "<group>";
		};
/* End PBXGroup section */

/* Begin PBXHeadersBuildPhase section */
		C9348BF220CB0BDC00D4CE21 /* Headers */ = {
			isa = PBXHeadersBuildPhase;
			buildActionMask = 2147483647;
			files = (
				C9348C0620CB0BDC00D4CE21 /* finch.h in Headers */,
			);
			runOnlyForDeploymentPostprocessing = 0;
		};
/* End PBXHeadersBuildPhase section */

/* Begin PBXNativeTarget section */
		C907579720CDAB14001B2145 /* openit */ = {
			isa = PBXNativeTarget;
			buildConfigurationList = C90757A320CDAB14001B2145 /* Build configuration list for PBXNativeTarget "openit" */;
			buildPhases = (
				C907579420CDAB14001B2145 /* Sources */,
				C907579520CDAB14001B2145 /* Frameworks */,
				C907579620CDAB14001B2145 /* Resources */,
			);
			buildRules = (
			);
			dependencies = (
			);
			name = openit;
			productName = openit;
			productReference = C907579820CDAB14001B2145 /* openit.appex */;
			productType = "com.apple.product-type.xcode-extension";
		};
		C9348BF420CB0BDC00D4CE21 /* finch */ = {
			isa = PBXNativeTarget;
			buildConfigurationList = C9348C0920CB0BDC00D4CE21 /* Build configuration list for PBXNativeTarget "finch" */;
			buildPhases = (
				C9348BF020CB0BDC00D4CE21 /* Sources */,
				C9348BF120CB0BDC00D4CE21 /* Frameworks */,
				C9348BF220CB0BDC00D4CE21 /* Headers */,
				C9348BF320CB0BDC00D4CE21 /* Resources */,
			);
			buildRules = (
			);
			dependencies = (
			);
			name = finch;
			productName = finch;
			productReference = C9348BF520CB0BDC00D4CE21 /* finch.framework */;
			productType = "com.apple.product-type.framework";
		};
		C9348BFD20CB0BDC00D4CE21 /* finchTests */ = {
			isa = PBXNativeTarget;
			buildConfigurationList = C9348C0C20CB0BDC00D4CE21 /* Build configuration list for PBXNativeTarget "finchTests" */;
			buildPhases = (
				C9348BFA20CB0BDC00D4CE21 /* Sources */,
				C9348BFB20CB0BDC00D4CE21 /* Frameworks */,
				C9348BFC20CB0BDC00D4CE21 /* Resources */,
				C9D72E5A20DB0EC300A4739A /* CopyFiles */,
			);
			buildRules = (
			);
			dependencies = (
				C9348C0120CB0BDC00D4CE21 /* PBXTargetDependency */,
			);
			name = finchTests;
			productName = finchTests;
			productReference = C9348BFE20CB0BDC00D4CE21 /* finchTests.xctest */;
			productType = "com.apple.product-type.bundle.unit-test";
		};
/* End PBXNativeTarget section */

/* Begin PBXProject section */
		C9348BEC20CB0BDB00D4CE21 /* Project object */ = {
			isa = PBXProject;
			attributes = {
				LastSwiftUpdateCheck = 1000;
				LastUpgradeCheck = 0940;
				ORGANIZATIONNAME = octeps;
				TargetAttributes = {
					C907579720CDAB14001B2145 = {
						CreatedOnToolsVersion = 10.0;
					};
					C9348BF420CB0BDC00D4CE21 = {
						CreatedOnToolsVersion = 9.4;
						LastSwiftMigration = 1000;
					};
					C9348BFD20CB0BDC00D4CE21 = {
						CreatedOnToolsVersion = 9.4;
					};
				};
			};
			buildConfigurationList = C9348BEF20CB0BDB00D4CE21 /* Build configuration list for PBXProject "finch" */;
			compatibilityVersion = "Xcode 9.3";
			developmentRegion = en;
			hasScannedForEncodings = 0;
			knownRegions = (
				en,
			);
			mainGroup = C9348BEB20CB0BDB00D4CE21;
			productRefGroup = C9348BF620CB0BDC00D4CE21 /* Products */;
			projectDirPath = "";
			projectRoot = "";
			targets = (
				C9348BF420CB0BDC00D4CE21 /* finch */,
				C9348BFD20CB0BDC00D4CE21 /* finchTests */,
				C907579720CDAB14001B2145 /* openit */,
			);
		};
/* End PBXProject section */

/* Begin PBXResourcesBuildPhase section */
		C907579620CDAB14001B2145 /* Resources */ = {
			isa = PBXResourcesBuildPhase;
			buildActionMask = 2147483647;
			files = (
			);
			runOnlyForDeploymentPostprocessing = 0;
		};
		C9348BF320CB0BDC00D4CE21 /* Resources */ = {
			isa = PBXResourcesBuildPhase;
			buildActionMask = 2147483647;
			files = (
			);
			runOnlyForDeploymentPostprocessing = 0;
		};
		C9348BFC20CB0BDC00D4CE21 /* Resources */ = {
			isa = PBXResourcesBuildPhase;
			buildActionMask = 2147483647;
			files = (
			);
			runOnlyForDeploymentPostprocessing = 0;
		};
/* End PBXResourcesBuildPhase section */

/* Begin PBXSourcesBuildPhase section */
		C907579420CDAB14001B2145 /* Sources */ = {
			isa = PBXSourcesBuildPhase;
			buildActionMask = 2147483647;
			files = (
				C907579E20CDAB14001B2145 /* SourceEditorExtension.swift in Sources */,
				C90757A020CDAB14001B2145 /* SourceEditorCommand.swift in Sources */,
			);
			runOnlyForDeploymentPostprocessing = 0;
		};
		C9348BF020CB0BDC00D4CE21 /* Sources */ = {
			isa = PBXSourcesBuildPhase;
			buildActionMask = 2147483647;
			files = (
				C91F052C20CC5BD60006DCE8 /* string_extension.swift in Sources */,
				C9106E2620D8560A0053AB1C /* DataConElement.swift in Sources */,
				C92A389720ED2B7F000B2693 /* BLASMatrixProtocol.swift in Sources */,
				C985B79B20CEF235003B923C /* Ring.swift in Sources */,
				C9106E2820D856190053AB1C /* DataConDouble.swift in Sources */,
				C964BD5C20F4122F00D7372B /* SimpleProtocols.swift in Sources */,
				C985B79920CEDE24003B923C /* Exceptions.swift in Sources */,
				C979D2B420DF218E00EB7C3F /* Matrix.swift in Sources */,
				C985B79D20CEF29A003B923C /* Group.swift in Sources */,
				C979D2AE20DF1BBB00EB7C3F /* MemViewProtocols.swift in Sources */,
				C90DD3E420EBD0A400167E18 /* MatrixProtocol.swift in Sources */,
				C9D72E4B20D9A16000A4739A /* DatasConUInt.swift in Sources */,
				C985B79F20CEF363003B923C /* AxiomProtocols.swift in Sources */,
				C90DD3E220EBC55500167E18 /* Vector.swift in Sources */,
				C9348C1020CB0C3C00D4CE21 /* DataCon.swift in Sources */,
			);
			runOnlyForDeploymentPostprocessing = 0;
		};
		C9348BFA20CB0BDC00D4CE21 /* Sources */ = {
			isa = PBXSourcesBuildPhase;
			buildActionMask = 2147483647;
			files = (
				C9D72E8F20DB155B00A4739A /* DCCDSpec.swift in Sources */,
				C9348C0420CB0BDC00D4CE21 /* finchTests.swift in Sources */,
				C979D2B620DF367F00EB7C3F /* MemViewTests.swift in Sources */,
				C964BD5E20F412DE00D7372B /* UtilsSpecs.swift in Sources */,
				C92A389920F15B6D000B2693 /* VectorSpec.swift in Sources */,
				C91F052E20CC5C3A0006DCE8 /* extTests.swift in Sources */,
				C979D2B820E2882E00EB7C3F /* MatrixSpec.swift in Sources */,
				C9D72E4D20D9C29300A4739A /* DataConTests.swift in Sources */,
				C99361CB20CE066900A36D2A /* chickenTests.swift in Sources */,
				C9106E2D20D857450053AB1C /* DataConDoubleTest.swift in Sources */,
				C9978FDC20DC7EBA00B88A0B /* DCCDSugarSpec.swift in Sources */,
			);
			runOnlyForDeploymentPostprocessing = 0;
		};
/* End PBXSourcesBuildPhase section */

/* Begin PBXTargetDependency section */
		C9348C0120CB0BDC00D4CE21 /* PBXTargetDependency */ = {
			isa = PBXTargetDependency;
			target = C9348BF420CB0BDC00D4CE21 /* finch */;
			targetProxy = C9348C0020CB0BDC00D4CE21 /* PBXContainerItemProxy */;
		};
/* End PBXTargetDependency section */

/* Begin XCBuildConfiguration section */
		C90757A420CDAB14001B2145 /* Debug */ = {
			isa = XCBuildConfiguration;
			buildSettings = {
				CODE_SIGN_ENTITLEMENTS = openit/openit.entitlements;
				CODE_SIGN_STYLE = Automatic;
				COMBINE_HIDPI_IMAGES = YES;
				DEVELOPMENT_TEAM = CCW98HMD5J;
				INFOPLIST_FILE = openit/Info.plist;
				LD_RUNPATH_SEARCH_PATHS = (
					"$(inherited)",
					"@executable_path/../Frameworks",
					"@executable_path/../../../../Frameworks",
				);
				MACOSX_DEPLOYMENT_TARGET = 10.14;
				MTL_ENABLE_DEBUG_INFO = INCLUDE_SOURCE;
				PRODUCT_BUNDLE_IDENTIFIER = com.octeps.openit;
				PRODUCT_NAME = "$(TARGET_NAME)";
				SKIP_INSTALL = YES;
				SWIFT_VERSION = 4.2;
			};
			name = Debug;
		};
		C90757A520CDAB14001B2145 /* Release */ = {
			isa = XCBuildConfiguration;
			buildSettings = {
				CODE_SIGN_ENTITLEMENTS = openit/openit.entitlements;
				CODE_SIGN_STYLE = Automatic;
				COMBINE_HIDPI_IMAGES = YES;
				DEVELOPMENT_TEAM = CCW98HMD5J;
				INFOPLIST_FILE = openit/Info.plist;
				LD_RUNPATH_SEARCH_PATHS = (
					"$(inherited)",
					"@executable_path/../Frameworks",
					"@executable_path/../../../../Frameworks",
				);
				MACOSX_DEPLOYMENT_TARGET = 10.14;
				PRODUCT_BUNDLE_IDENTIFIER = com.octeps.openit;
				PRODUCT_NAME = "$(TARGET_NAME)";
				SKIP_INSTALL = YES;
				SWIFT_VERSION = 4.2;
			};
			name = Release;
		};
		C9348C0720CB0BDC00D4CE21 /* Debug */ = {
			isa = XCBuildConfiguration;
			buildSettings = {
				ALWAYS_SEARCH_USER_PATHS = NO;
				CLANG_ANALYZER_NONNULL = YES;
				CLANG_ANALYZER_NUMBER_OBJECT_CONVERSION = YES_AGGRESSIVE;
				CLANG_CXX_LANGUAGE_STANDARD = "gnu++14";
				CLANG_CXX_LIBRARY = "libc++";
				CLANG_ENABLE_MODULES = YES;
				CLANG_ENABLE_OBJC_ARC = YES;
				CLANG_ENABLE_OBJC_WEAK = YES;
				CLANG_WARN_BLOCK_CAPTURE_AUTORELEASING = YES;
				CLANG_WARN_BOOL_CONVERSION = YES;
				CLANG_WARN_COMMA = YES;
				CLANG_WARN_CONSTANT_CONVERSION = YES;
				CLANG_WARN_DEPRECATED_OBJC_IMPLEMENTATIONS = YES;
				CLANG_WARN_DIRECT_OBJC_ISA_USAGE = YES_ERROR;
				CLANG_WARN_DOCUMENTATION_COMMENTS = YES;
				CLANG_WARN_EMPTY_BODY = YES;
				CLANG_WARN_ENUM_CONVERSION = YES;
				CLANG_WARN_INFINITE_RECURSION = YES;
				CLANG_WARN_INT_CONVERSION = YES;
				CLANG_WARN_NON_LITERAL_NULL_CONVERSION = YES;
				CLANG_WARN_OBJC_IMPLICIT_RETAIN_SELF = YES;
				CLANG_WARN_OBJC_LITERAL_CONVERSION = YES;
				CLANG_WARN_OBJC_ROOT_CLASS = YES_ERROR;
				CLANG_WARN_RANGE_LOOP_ANALYSIS = YES;
				CLANG_WARN_STRICT_PROTOTYPES = YES;
				CLANG_WARN_SUSPICIOUS_MOVE = YES;
				CLANG_WARN_UNGUARDED_AVAILABILITY = YES_AGGRESSIVE;
				CLANG_WARN_UNREACHABLE_CODE = YES;
				CLANG_WARN__DUPLICATE_METHOD_MATCH = YES;
				CODE_SIGN_IDENTITY = "Mac Developer";
				COPY_PHASE_STRIP = NO;
				CURRENT_PROJECT_VERSION = 1;
				DEBUG_INFORMATION_FORMAT = dwarf;
				ENABLE_STRICT_OBJC_MSGSEND = YES;
				ENABLE_TESTABILITY = YES;
				GCC_C_LANGUAGE_STANDARD = gnu11;
				GCC_DYNAMIC_NO_PIC = NO;
				GCC_NO_COMMON_BLOCKS = YES;
				GCC_OPTIMIZATION_LEVEL = 0;
				GCC_PREPROCESSOR_DEFINITIONS = (
					"DEBUG=1",
					"$(inherited)",
				);
				GCC_WARN_64_TO_32_BIT_CONVERSION = YES;
				GCC_WARN_ABOUT_RETURN_TYPE = YES_ERROR;
				GCC_WARN_UNDECLARED_SELECTOR = YES;
				GCC_WARN_UNINITIALIZED_AUTOS = YES_AGGRESSIVE;
				GCC_WARN_UNUSED_FUNCTION = YES;
				GCC_WARN_UNUSED_VARIABLE = YES;
				MACOSX_DEPLOYMENT_TARGET = 10.13;
				MTL_ENABLE_DEBUG_INFO = YES;
				ONLY_ACTIVE_ARCH = YES;
				SDKROOT = macosx;
				SWIFT_ACTIVE_COMPILATION_CONDITIONS = DEBUG;
				SWIFT_OPTIMIZATION_LEVEL = "-Onone";
				VERSIONING_SYSTEM = "apple-generic";
				VERSION_INFO_PREFIX = "";
			};
			name = Debug;
		};
		C9348C0820CB0BDC00D4CE21 /* Release */ = {
			isa = XCBuildConfiguration;
			buildSettings = {
				ALWAYS_SEARCH_USER_PATHS = NO;
				CLANG_ANALYZER_NONNULL = YES;
				CLANG_ANALYZER_NUMBER_OBJECT_CONVERSION = YES_AGGRESSIVE;
				CLANG_CXX_LANGUAGE_STANDARD = "gnu++14";
				CLANG_CXX_LIBRARY = "libc++";
				CLANG_ENABLE_MODULES = YES;
				CLANG_ENABLE_OBJC_ARC = YES;
				CLANG_ENABLE_OBJC_WEAK = YES;
				CLANG_WARN_BLOCK_CAPTURE_AUTORELEASING = YES;
				CLANG_WARN_BOOL_CONVERSION = YES;
				CLANG_WARN_COMMA = YES;
				CLANG_WARN_CONSTANT_CONVERSION = YES;
				CLANG_WARN_DEPRECATED_OBJC_IMPLEMENTATIONS = YES;
				CLANG_WARN_DIRECT_OBJC_ISA_USAGE = YES_ERROR;
				CLANG_WARN_DOCUMENTATION_COMMENTS = YES;
				CLANG_WARN_EMPTY_BODY = YES;
				CLANG_WARN_ENUM_CONVERSION = YES;
				CLANG_WARN_INFINITE_RECURSION = YES;
				CLANG_WARN_INT_CONVERSION = YES;
				CLANG_WARN_NON_LITERAL_NULL_CONVERSION = YES;
				CLANG_WARN_OBJC_IMPLICIT_RETAIN_SELF = YES;
				CLANG_WARN_OBJC_LITERAL_CONVERSION = YES;
				CLANG_WARN_OBJC_ROOT_CLASS = YES_ERROR;
				CLANG_WARN_RANGE_LOOP_ANALYSIS = YES;
				CLANG_WARN_STRICT_PROTOTYPES = YES;
				CLANG_WARN_SUSPICIOUS_MOVE = YES;
				CLANG_WARN_UNGUARDED_AVAILABILITY = YES_AGGRESSIVE;
				CLANG_WARN_UNREACHABLE_CODE = YES;
				CLANG_WARN__DUPLICATE_METHOD_MATCH = YES;
				CODE_SIGN_IDENTITY = "Mac Developer";
				COPY_PHASE_STRIP = NO;
				CURRENT_PROJECT_VERSION = 1;
				DEBUG_INFORMATION_FORMAT = "dwarf-with-dsym";
				ENABLE_NS_ASSERTIONS = NO;
				ENABLE_STRICT_OBJC_MSGSEND = YES;
				GCC_C_LANGUAGE_STANDARD = gnu11;
				GCC_NO_COMMON_BLOCKS = YES;
				GCC_WARN_64_TO_32_BIT_CONVERSION = YES;
				GCC_WARN_ABOUT_RETURN_TYPE = YES_ERROR;
				GCC_WARN_UNDECLARED_SELECTOR = YES;
				GCC_WARN_UNINITIALIZED_AUTOS = YES_AGGRESSIVE;
				GCC_WARN_UNUSED_FUNCTION = YES;
				GCC_WARN_UNUSED_VARIABLE = YES;
				MACOSX_DEPLOYMENT_TARGET = 10.13;
				MTL_ENABLE_DEBUG_INFO = NO;
				SDKROOT = macosx;
				SWIFT_COMPILATION_MODE = wholemodule;
				SWIFT_OPTIMIZATION_LEVEL = "-O";
				VERSIONING_SYSTEM = "apple-generic";
				VERSION_INFO_PREFIX = "";
			};
			name = Release;
		};
		C9348C0A20CB0BDC00D4CE21 /* Debug */ = {
			isa = XCBuildConfiguration;
			buildSettings = {
				CLANG_ENABLE_MODULES = YES;
				CODE_SIGN_IDENTITY = "";
				CODE_SIGN_STYLE = Automatic;
				COMBINE_HIDPI_IMAGES = YES;
				DEFINES_MODULE = YES;
				DEVELOPMENT_TEAM = CCW98HMD5J;
				DYLIB_COMPATIBILITY_VERSION = 1;
				DYLIB_CURRENT_VERSION = 1;
				DYLIB_INSTALL_NAME_BASE = "@rpath";
				FRAMEWORK_VERSION = A;
				INFOPLIST_FILE = finch/Info.plist;
				INSTALL_PATH = "$(LOCAL_LIBRARY_DIR)/Frameworks";
				LD_RUNPATH_SEARCH_PATHS = (
					"$(inherited)",
					"@executable_path/../Frameworks",
					"@loader_path/Frameworks",
				);
				PRODUCT_BUNDLE_IDENTIFIER = com.octeps.finch;
				PRODUCT_NAME = "$(TARGET_NAME:c99extidentifier)";
				SKIP_INSTALL = YES;
				SWIFT_OPTIMIZATION_LEVEL = "-Onone";
				SWIFT_VERSION = 4.2;
			};
			name = Debug;
		};
		C9348C0B20CB0BDC00D4CE21 /* Release */ = {
			isa = XCBuildConfiguration;
			buildSettings = {
				CLANG_ENABLE_MODULES = YES;
				CODE_SIGN_IDENTITY = "";
				CODE_SIGN_STYLE = Automatic;
				COMBINE_HIDPI_IMAGES = YES;
				DEFINES_MODULE = YES;
				DEVELOPMENT_TEAM = CCW98HMD5J;
				DYLIB_COMPATIBILITY_VERSION = 1;
				DYLIB_CURRENT_VERSION = 1;
				DYLIB_INSTALL_NAME_BASE = "@rpath";
				FRAMEWORK_VERSION = A;
				INFOPLIST_FILE = finch/Info.plist;
				INSTALL_PATH = "$(LOCAL_LIBRARY_DIR)/Frameworks";
				LD_RUNPATH_SEARCH_PATHS = (
					"$(inherited)",
					"@executable_path/../Frameworks",
					"@loader_path/Frameworks",
				);
				PRODUCT_BUNDLE_IDENTIFIER = com.octeps.finch;
				PRODUCT_NAME = "$(TARGET_NAME:c99extidentifier)";
				SKIP_INSTALL = YES;
				SWIFT_VERSION = 4.2;
			};
			name = Release;
		};
		C9348C0D20CB0BDC00D4CE21 /* Debug */ = {
			isa = XCBuildConfiguration;
			buildSettings = {
				ALWAYS_EMBED_SWIFT_STANDARD_LIBRARIES = YES;
				CODE_SIGN_STYLE = Automatic;
				COMBINE_HIDPI_IMAGES = YES;
				DEVELOPMENT_TEAM = CCW98HMD5J;
				INFOPLIST_FILE = finchTests/Info.plist;
				LD_RUNPATH_SEARCH_PATHS = (
					"$(inherited)",
					"@executable_path/../Frameworks",
					"@loader_path/../Frameworks",
				);
				PRODUCT_BUNDLE_IDENTIFIER = com.octeps.finchTests;
				PRODUCT_NAME = "$(TARGET_NAME)";
				SWIFT_VERSION = 4.0;
			};
			name = Debug;
		};
		C9348C0E20CB0BDC00D4CE21 /* Release */ = {
			isa = XCBuildConfiguration;
			buildSettings = {
				ALWAYS_EMBED_SWIFT_STANDARD_LIBRARIES = YES;
				CODE_SIGN_STYLE = Automatic;
				COMBINE_HIDPI_IMAGES = YES;
				DEVELOPMENT_TEAM = CCW98HMD5J;
				INFOPLIST_FILE = finchTests/Info.plist;
				LD_RUNPATH_SEARCH_PATHS = (
					"$(inherited)",
					"@executable_path/../Frameworks",
					"@loader_path/../Frameworks",
				);
				PRODUCT_BUNDLE_IDENTIFIER = com.octeps.finchTests;
				PRODUCT_NAME = "$(TARGET_NAME)";
				SWIFT_VERSION = 4.0;
			};
			name = Release;
		};
/* End XCBuildConfiguration section */

/* Begin XCConfigurationList section */
		C90757A320CDAB14001B2145 /* Build configuration list for PBXNativeTarget "openit" */ = {
			isa = XCConfigurationList;
			buildConfigurations = (
				C90757A420CDAB14001B2145 /* Debug */,
				C90757A520CDAB14001B2145 /* Release */,
			);
			defaultConfigurationIsVisible = 0;
			defaultConfigurationName = Release;
		};
		C9348BEF20CB0BDB00D4CE21 /* Build configuration list for PBXProject "finch" */ = {
			isa = XCConfigurationList;
			buildConfigurations = (
				C9348C0720CB0BDC00D4CE21 /* Debug */,
				C9348C0820CB0BDC00D4CE21 /* Release */,
			);
			defaultConfigurationIsVisible = 0;
			defaultConfigurationName = Release;
		};
		C9348C0920CB0BDC00D4CE21 /* Build configuration list for PBXNativeTarget "finch" */ = {
			isa = XCConfigurationList;
			buildConfigurations = (
				C9348C0A20CB0BDC00D4CE21 /* Debug */,
				C9348C0B20CB0BDC00D4CE21 /* Release */,
			);
			defaultConfigurationIsVisible = 0;
			defaultConfigurationName = Release;
		};
		C9348C0C20CB0BDC00D4CE21 /* Build configuration list for PBXNativeTarget "finchTests" */ = {
			isa = XCConfigurationList;
			buildConfigurations = (
				C9348C0D20CB0BDC00D4CE21 /* Debug */,
				C9348C0E20CB0BDC00D4CE21 /* Release */,
			);
			defaultConfigurationIsVisible = 0;
			defaultConfigurationName = Release;
		};
/* End XCConfigurationList section */
	};
	rootObject = C9348BEC20CB0BDB00D4CE21 /* Project object */;
}
